
Microsoft Visual Studio Solution File, Format Version 12.00
# Visual Studio Version 17
VisualStudioVersion = 17.8.34525.116
MinimumVisualStudioVersion = 10.0.40219.1
Project("{FAE04EC0-301F-11D3-BF4B-00C04F79EFBC}") = "webapp", "webapp.csproj", "{6061CA68-55D3-41BF-9FE8-0BB12557EA01}"
EndProject
Global
	GlobalSection(SolutionConfigurationPlatforms) = preSolution
		Debug|Any CPU = Debug|Any CPU
		Release|Any CPU = Release|Any CPU
	EndGlobalSection
	GlobalSection(ProjectConfigurationPlatforms) = postSolution
		{6061CA68-55D3-41BF-9FE8-0BB12557EA01}.Debug|Any CPU.ActiveCfg = Debug|Any CPU
		{6061CA68-55D3-41BF-9FE8-0BB12557EA01}.Debug|Any CPU.Build.0 = Debug|Any CPU
		{6061CA68-55D3-41BF-9FE8-0BB12557EA01}.Release|Any CPU.ActiveCfg = Release|Any CPU
		{6061CA68-55D3-41BF-9FE8-0BB12557EA01}.Release|Any CPU.Build.0 = Release|Any CPU
	EndGlobalSection
	GlobalSection(SolutionProperties) = preSolution
		HideSolutionNode = FALSE
	EndGlobalSection
	GlobalSection(ExtensibilityGlobals) = postSolution
		SolutionGuid = {95490211-BF9B-4AA2-8495-523DEDB8D517}
	EndGlobalSection
EndGlobal
